
Microsoft Visual Studio Solution File, Format Version 12.00
# Visual Studio Version 17
VisualStudioVersion = 17.0.32126.317
MinimumVisualStudioVersion = 10.0.40219.1
Project("{9A19103F-16F7-4668-BE54-9A1E7A4F7556}") = "jsonserver.Web", "jsonserver.Web\jsonserver.Web.csproj", "{6B27D180-72DA-4BE3-90A9-2F3D9476FBDA}"
EndProject
Project("{9A19103F-16F7-4668-BE54-9A1E7A4F7556}") = "jsonserver.Data", "jsonserver.Data\jsonserver.Data.csproj", "{AB349714-16B5-4703-92F5-10152F401839}"
EndProject
Project("{FAE04EC0-301F-11D3-BF4B-00C04F79EFBC}") = "jsonserver.Utility", "jsonserver.Utility\jsonserver.Utility.csproj", "{18661319-E8BB-49CD-B0E5-01866188B24F}"
EndProject
Global
	GlobalSection(SolutionConfigurationPlatforms) = preSolution
		Debug|Any CPU = Debug|Any CPU
		Release|Any CPU = Release|Any CPU
	EndGlobalSection
	GlobalSection(ProjectConfigurationPlatforms) = postSolution
		{6B27D180-72DA-4BE3-90A9-2F3D9476FBDA}.Debug|Any CPU.ActiveCfg = Debug|Any CPU
		{6B27D180-72DA-4BE3-90A9-2F3D9476FBDA}.Debug|Any CPU.Build.0 = Debug|Any CPU
		{6B27D180-72DA-4BE3-90A9-2F3D9476FBDA}.Release|Any CPU.ActiveCfg = Release|Any CPU
		{6B27D180-72DA-4BE3-90A9-2F3D9476FBDA}.Release|Any CPU.Build.0 = Release|Any CPU
		{AB349714-16B5-4703-92F5-10152F401839}.Debug|Any CPU.ActiveCfg = Debug|Any CPU
		{AB349714-16B5-4703-92F5-10152F401839}.Debug|Any CPU.Build.0 = Debug|Any CPU
		{AB349714-16B5-4703-92F5-10152F401839}.Release|Any CPU.ActiveCfg = Release|Any CPU
		{AB349714-16B5-4703-92F5-10152F401839}.Release|Any CPU.Build.0 = Release|Any CPU
		{18661319-E8BB-49CD-B0E5-01866188B24F}.Debug|Any CPU.ActiveCfg = Debug|Any CPU
		{18661319-E8BB-49CD-B0E5-01866188B24F}.Debug|Any CPU.Build.0 = Debug|Any CPU
		{18661319-E8BB-49CD-B0E5-01866188B24F}.Release|Any CPU.ActiveCfg = Release|Any CPU
		{18661319-E8BB-49CD-B0E5-01866188B24F}.Release|Any CPU.Build.0 = Release|Any CPU
	EndGlobalSection
	GlobalSection(SolutionProperties) = preSolution
		HideSolutionNode = FALSE
	EndGlobalSection
	GlobalSection(ExtensibilityGlobals) = postSolution
		SolutionGuid = {9A651C0D-E57E-4CC5-B2FA-B82FC82FF955}
	EndGlobalSection
EndGlobal
